
Microsoft Visual Studio Solution File, Format Version 12.00
# Visual Studio Version 16
VisualStudioVersion = 16.0.30907.101
MinimumVisualStudioVersion = 10.0.40219.1
Project("{9A19103F-16F7-4668-BE54-9A1E7A4F7556}") = "Admin", "Admin\Admin.csproj", "{E75E947B-5AEC-44D3-A913-E1A6B681AB2A}"
EndProject
Project("{9A19103F-16F7-4668-BE54-9A1E7A4F7556}") = "Repository", "Repository\Repository.csproj", "{5A6ED7BC-2773-4679-92CA-99B994E2F755}"
EndProject
Global
	GlobalSection(SolutionConfigurationPlatforms) = preSolution
		Debug|Any CPU = Debug|Any CPU
		Release|Any CPU = Release|Any CPU
	EndGlobalSection
	GlobalSection(ProjectConfigurationPlatforms) = postSolution
		{E75E947B-5AEC-44D3-A913-E1A6B681AB2A}.Debug|Any CPU.ActiveCfg = Debug|Any CPU
		{E75E947B-5AEC-44D3-A913-E1A6B681AB2A}.Debug|Any CPU.Build.0 = Debug|Any CPU
		{E75E947B-5AEC-44D3-A913-E1A6B681AB2A}.Release|Any CPU.ActiveCfg = Release|Any CPU
		{E75E947B-5AEC-44D3-A913-E1A6B681AB2A}.Release|Any CPU.Build.0 = Release|Any CPU
		{5A6ED7BC-2773-4679-92CA-99B994E2F755}.Debug|Any CPU.ActiveCfg = Debug|Any CPU
		{5A6ED7BC-2773-4679-92CA-99B994E2F755}.Debug|Any CPU.Build.0 = Debug|Any CPU
		{5A6ED7BC-2773-4679-92CA-99B994E2F755}.Release|Any CPU.ActiveCfg = Release|Any CPU
		{5A6ED7BC-2773-4679-92CA-99B994E2F755}.Release|Any CPU.Build.0 = Release|Any CPU
	EndGlobalSection
	GlobalSection(SolutionProperties) = preSolution
		HideSolutionNode = FALSE
	EndGlobalSection
	GlobalSection(ExtensibilityGlobals) = postSolution
		SolutionGuid = {467D5A42-531F-4814-BAA7-3C38C8FFFD7D}
	EndGlobalSection
EndGlobal
